// !$*UTF8*$!
{
	archiveVersion = 1;
	classes = {
	};
	objectVersion = 46;
	objects = {

/* Begin PBXBuildFile section */
		77B272BA14FC1158000E1557 /* UIKit.framework in Frameworks */ = {isa = PBXBuildFile; fileRef = 77B272B914FC1158000E1557 /* UIKit.framework */; };
		77B272BC14FC1158000E1557 /* Foundation.framework in Frameworks */ = {isa = PBXBuildFile; fileRef = 77B272BB14FC1158000E1557 /* Foundation.framework */; };
		77B272BE14FC1158000E1557 /* CoreGraphics.framework in Frameworks */ = {isa = PBXBuildFile; fileRef = 77B272BD14FC1158000E1557 /* CoreGraphics.framework */; };
		77B272C414FC1158000E1557 /* InfoPlist.strings in Resources */ = {isa = PBXBuildFile; fileRef = 77B272C214FC1158000E1557 /* InfoPlist.strings */; };
		77B272C614FC1158000E1557 /* main.m in Sources */ = {isa = PBXBuildFile; fileRef = 77B272C514FC1158000E1557 /* main.m */; };
		77B272CA14FC1158000E1557 /* GDIAppDelegate.m in Sources */ = {isa = PBXBuildFile; fileRef = 77B272C914FC1158000E1557 /* GDIAppDelegate.m */; };
		77B272EC14FC11E7000E1557 /* DemoViewController.m in Sources */ = {isa = PBXBuildFile; fileRef = 77B272EA14FC11E7000E1557 /* DemoViewController.m */; };
		77B272ED14FC11E7000E1557 /* DemoView.xib in Resources */ = {isa = PBXBuildFile; fileRef = 77B272EB14FC11E7000E1557 /* DemoView.xib */; };
		77B272F014FC1235000E1557 /* GDIInfinitePageScrollViewController.m in Sources */ = {isa = PBXBuildFile; fileRef = 77B272EF14FC1235000E1557 /* GDIInfinitePageScrollViewController.m */; };
		77B272F614FC2331000E1557 /* QuartzCore.framework in Frameworks */ = {isa = PBXBuildFile; fileRef = 77B272F514FC2331000E1557 /* QuartzCore.framework */; };
		77B272FA14FC3014000E1557 /* ContentViewController.m in Sources */ = {isa = PBXBuildFile; fileRef = 77B272F814FC3013000E1557 /* ContentViewController.m */; };
		77B272FB14FC3014000E1557 /* ContentViewController.xib in Resources */ = {isa = PBXBuildFile; fileRef = 77B272F914FC3013000E1557 /* ContentViewController.xib */; };
		77B2731614FD73C0000E1557 /* UIColor+GDIAdditions.m in Sources */ = {isa = PBXBuildFile; fileRef = 77B2731514FD73C0000E1557 /* UIColor+GDIAdditions.m */; };
/* End PBXBuildFile section */

/* Begin PBXFileReference section */
		77B272B514FC1158000E1557 /* GDIInfinitePageScrollViewController.app */ = {isa = PBXFileReference; explicitFileType = wrapper.application; includeInIndex = 0; path = GDIInfinitePageScrollViewController.app; sourceTree = BUILT_PRODUCTS_DIR; };
		77B272B914FC1158000E1557 /* UIKit.framework */ = {isa = PBXFileReference; lastKnownFileType = wrapper.framework; name = UIKit.framework; path = System/Library/Frameworks/UIKit.framework; sourceTree = SDKROOT; };
		77B272BB14FC1158000E1557 /* Foundation.framework */ = {isa = PBXFileReference; lastKnownFileType = wrapper.framework; name = Foundation.framework; path = System/Library/Frameworks/Foundation.framework; sourceTree = SDKROOT; };
		77B272BD14FC1158000E1557 /* CoreGraphics.framework */ = {isa = PBXFileReference; lastKnownFileType = wrapper.framework; name = CoreGraphics.framework; path = System/Library/Frameworks/CoreGraphics.framework; sourceTree = SDKROOT; };
		77B272C114FC1158000E1557 /* GDIInfinitePageScrollViewController-Info.plist */ = {isa = PBXFileReference; lastKnownFileType = text.plist.xml; path = "GDIInfinitePageScrollViewController-Info.plist"; sourceTree = "<group>"; };
		77B272C314FC1158000E1557 /* en */ = {isa = PBXFileReference; lastKnownFileType = text.plist.strings; name = en; path = en.lproj/InfoPlist.strings; sourceTree = "<group>"; };
		77B272C514FC1158000E1557 /* main.m */ = {isa = PBXFileReference; lastKnownFileType = sourcecode.c.objc; path = main.m; sourceTree = "<group>"; };
		77B272C714FC1158000E1557 /* GDIInfinitePageScrollViewController-Prefix.pch */ = {isa = PBXFileReference; lastKnownFileType = sourcecode.c.h; path = "GDIInfinitePageScrollViewController-Prefix.pch"; sourceTree = "<group>"; };
		77B272C814FC1158000E1557 /* GDIAppDelegate.h */ = {isa = PBXFileReference; lastKnownFileType = sourcecode.c.h; path = GDIAppDelegate.h; sourceTree = "<group>"; };
		77B272C914FC1158000E1557 /* GDIAppDelegate.m */ = {isa = PBXFileReference; lastKnownFileType = sourcecode.c.objc; path = GDIAppDelegate.m; sourceTree = "<group>"; };
		77B272E914FC11E7000E1557 /* DemoViewController.h */ = {isa = PBXFileReference; fileEncoding = 4; lastKnownFileType = sourcecode.c.h; path = DemoViewController.h; sourceTree = "<group>"; };
		77B272EA14FC11E7000E1557 /* DemoViewController.m */ = {isa = PBXFileReference; fileEncoding = 4; lastKnownFileType = sourcecode.c.objc; path = DemoViewController.m; sourceTree = "<group>"; };
		77B272EB14FC11E7000E1557 /* DemoView.xib */ = {isa = PBXFileReference; fileEncoding = 4; lastKnownFileType = file.xib; path = DemoView.xib; sourceTree = "<group>"; };
		77B272EE14FC1235000E1557 /* GDIInfinitePageScrollViewController.h */ = {isa = PBXFileReference; fileEncoding = 4; lastKnownFileType = sourcecode.c.h; path = GDIInfinitePageScrollViewController.h; sourceTree = "<group>"; };
		77B272EF14FC1235000E1557 /* GDIInfinitePageScrollViewController.m */ = {isa = PBXFileReference; fileEncoding = 4; lastKnownFileType = sourcecode.c.objc; path = GDIInfinitePageScrollViewController.m; sourceTree = "<group>"; };
		77B272F514FC2331000E1557 /* QuartzCore.framework */ = {isa = PBXFileReference; lastKnownFileType = wrapper.framework; name = QuartzCore.framework; path = System/Library/Frameworks/QuartzCore.framework; sourceTree = SDKROOT; };
		77B272F714FC3013000E1557 /* ContentViewController.h */ = {isa = PBXFileReference; fileEncoding = 4; lastKnownFileType = sourcecode.c.h; path = ContentViewController.h; sourceTree = "<group>"; };
		77B272F814FC3013000E1557 /* ContentViewController.m */ = {isa = PBXFileReference; fileEncoding = 4; lastKnownFileType = sourcecode.c.objc; path = ContentViewController.m; sourceTree = "<group>"; };
		77B272F914FC3013000E1557 /* ContentViewController.xib */ = {isa = PBXFileReference; fileEncoding = 4; lastKnownFileType = file.xib; path = ContentViewController.xib; sourceTree = "<group>"; };
		77B2731414FD73BF000E1557 /* UIColor+GDIAdditions.h */ = {isa = PBXFileReference; fileEncoding = 4; lastKnownFileType = sourcecode.c.h; path = "UIColor+GDIAdditions.h"; sourceTree = "<group>"; };
		77B2731514FD73C0000E1557 /* UIColor+GDIAdditions.m */ = {isa = PBXFileReference; fileEncoding = 4; lastKnownFileType = sourcecode.c.objc; path = "UIColor+GDIAdditions.m"; sourceTree = "<group>"; };
/* End PBXFileReference section */

/* Begin PBXFrameworksBuildPhase section */
		77B272B214FC1158000E1557 /* Frameworks */ = {
			isa = PBXFrameworksBuildPhase;
			buildActionMask = 2147483647;
			files = (
				77B272F614FC2331000E1557 /* QuartzCore.framework in Frameworks */,
				77B272BA14FC1158000E1557 /* UIKit.framework in Frameworks */,
				77B272BC14FC1158000E1557 /* Foundation.framework in Frameworks */,
				77B272BE14FC1158000E1557 /* CoreGraphics.framework in Frameworks */,
			);
			runOnlyForDeploymentPostprocessing = 0;
		};
/* End PBXFrameworksBuildPhase section */

/* Begin PBXGroup section */
		77B272AA14FC1158000E1557 = {
			isa = PBXGroup;
			children = (
				77B272BF14FC1158000E1557 /* GDIInfinitePageScrollViewController */,
				77B272C014FC1158000E1557 /* Supporting Files */,
				77B272B814FC1158000E1557 /* Frameworks */,
				77B272B614FC1158000E1557 /* Products */,
			);
			sourceTree = "<group>";
		};
		77B272B614FC1158000E1557 /* Products */ = {
			isa = PBXGroup;
			children = (
				77B272B514FC1158000E1557 /* GDIInfinitePageScrollViewController.app */,
			);
			name = Products;
			sourceTree = "<group>";
		};
		77B272B814FC1158000E1557 /* Frameworks */ = {
			isa = PBXGroup;
			children = (
				77B272F514FC2331000E1557 /* QuartzCore.framework */,
				77B272B914FC1158000E1557 /* UIKit.framework */,
				77B272BB14FC1158000E1557 /* Foundation.framework */,
				77B272BD14FC1158000E1557 /* CoreGraphics.framework */,
			);
			name = Frameworks;
			sourceTree = "<group>";
		};
		77B272BF14FC1158000E1557 /* GDIInfinitePageScrollViewController */ = {
			isa = PBXGroup;
			children = (
				77B272E814FC11CE000E1557 /* GDI Infinite Scroll View */,
				77B2731414FD73BF000E1557 /* UIColor+GDIAdditions.h */,
				77B2731514FD73C0000E1557 /* UIColor+GDIAdditions.m */,
				77B272C814FC1158000E1557 /* GDIAppDelegate.h */,
				77B272C914FC1158000E1557 /* GDIAppDelegate.m */,
				77B272E914FC11E7000E1557 /* DemoViewController.h */,
				77B272EA14FC11E7000E1557 /* DemoViewController.m */,
				77B272EB14FC11E7000E1557 /* DemoView.xib */,
				77B272F714FC3013000E1557 /* ContentViewController.h */,
				77B272F814FC3013000E1557 /* ContentViewController.m */,
				77B272F914FC3013000E1557 /* ContentViewController.xib */,
			);
			path = GDIInfinitePageScrollViewController;
			sourceTree = "<group>";
		};
		77B272C014FC1158000E1557 /* Supporting Files */ = {
			isa = PBXGroup;
			children = (
				77B272C114FC1158000E1557 /* GDIInfinitePageScrollViewController-Info.plist */,
				77B272C214FC1158000E1557 /* InfoPlist.strings */,
				77B272C514FC1158000E1557 /* main.m */,
				77B272C714FC1158000E1557 /* GDIInfinitePageScrollViewController-Prefix.pch */,
			);
			name = "Supporting Files";
			path = GDIInfinitePageScrollViewController;
			sourceTree = "<group>";
		};
		77B272E814FC11CE000E1557 /* GDI Infinite Scroll View */ = {
			isa = PBXGroup;
			children = (
				77B272EE14FC1235000E1557 /* GDIInfinitePageScrollViewController.h */,
				77B272EF14FC1235000E1557 /* GDIInfinitePageScrollViewController.m */,
			);
			name = "GDI Infinite Scroll View";
			sourceTree = "<group>";
		};
/* End PBXGroup section */

/* Begin PBXNativeTarget section */
		77B272B414FC1158000E1557 /* GDIInfinitePageScrollViewController */ = {
			isa = PBXNativeTarget;
			buildConfigurationList = 77B272E214FC1158000E1557 /* Build configuration list for PBXNativeTarget "GDIInfinitePageScrollViewController" */;
			buildPhases = (
				77B272B114FC1158000E1557 /* Sources */,
				77B272B214FC1158000E1557 /* Frameworks */,
				77B272B314FC1158000E1557 /* Resources */,
			);
			buildRules = (
			);
			dependencies = (
			);
			name = GDIInfinitePageScrollViewController;
			productName = GDIInfinitePageScrollViewController;
			productReference = 77B272B514FC1158000E1557 /* GDIInfinitePageScrollViewController.app */;
			productType = "com.apple.product-type.application";
		};
/* End PBXNativeTarget section */

/* Begin PBXProject section */
		77B272AC14FC1158000E1557 /* Project object */ = {
			isa = PBXProject;
			attributes = {
				LastUpgradeCheck = 0420;
				ORGANIZATIONNAME = "Grant Davis Interactive, LLC";
			};
			buildConfigurationList = 77B272AF14FC1158000E1557 /* Build configuration list for PBXProject "GDIInfinitePageScrollViewController" */;
			compatibilityVersion = "Xcode 3.2";
			developmentRegion = English;
			hasScannedForEncodings = 0;
			knownRegions = (
				en,
			);
			mainGroup = 77B272AA14FC1158000E1557;
			productRefGroup = 77B272B614FC1158000E1557 /* Products */;
			projectDirPath = "";
			projectRoot = "";
			targets = (
				77B272B414FC1158000E1557 /* GDIInfinitePageScrollViewController */,
			);
		};
/* End PBXProject section */

/* Begin PBXResourcesBuildPhase section */
		77B272B314FC1158000E1557 /* Resources */ = {
			isa = PBXResourcesBuildPhase;
			buildActionMask = 2147483647;
			files = (
				77B272C414FC1158000E1557 /* InfoPlist.strings in Resources */,
				77B272ED14FC11E7000E1557 /* DemoView.xib in Resources */,
				77B272FB14FC3014000E1557 /* ContentViewController.xib in Resources */,
			);
			runOnlyForDeploymentPostprocessing = 0;
		};
/* End PBXResourcesBuildPhase section */

/* Begin PBXSourcesBuildPhase section */
		77B272B114FC1158000E1557 /* Sources */ = {
			isa = PBXSourcesBuildPhase;
			buildActionMask = 2147483647;
			files = (
				77B272C614FC1158000E1557 /* main.m in Sources */,
				77B272CA14FC1158000E1557 /* GDIAppDelegate.m in Sources */,
				77B272EC14FC11E7000E1557 /* DemoViewController.m in Sources */,
				77B272F014FC1235000E1557 /* GDIInfinitePageScrollViewController.m in Sources */,
				77B272FA14FC3014000E1557 /* ContentViewController.m in Sources */,
				77B2731614FD73C0000E1557 /* UIColor+GDIAdditions.m in Sources */,
			);
			runOnlyForDeploymentPostprocessing = 0;
		};
/* End PBXSourcesBuildPhase section */

/* Begin PBXVariantGroup section */
		77B272C214FC1158000E1557 /* InfoPlist.strings */ = {
			isa = PBXVariantGroup;
			children = (
				77B272C314FC1158000E1557 /* en */,
			);
			name = InfoPlist.strings;
			sourceTree = "<group>";
		};
/* End PBXVariantGroup section */

/* Begin XCBuildConfiguration section */
		77B272E014FC1158000E1557 /* Debug */ = {
			isa = XCBuildConfiguration;
			buildSettings = {
				ALWAYS_SEARCH_USER_PATHS = NO;
				ARCHS = "$(ARCHS_STANDARD_32_BIT)";
				CLANG_ENABLE_OBJC_ARC = YES;
				"CODE_SIGN_IDENTITY[sdk=iphoneos*]" = "iPhone Developer";
				COPY_PHASE_STRIP = NO;
				GCC_C_LANGUAGE_STANDARD = gnu99;
				GCC_DYNAMIC_NO_PIC = NO;
				GCC_OPTIMIZATION_LEVEL = 0;
				GCC_PREPROCESSOR_DEFINITIONS = (
					"DEBUG=1",
					"$(inherited)",
				);
				GCC_SYMBOLS_PRIVATE_EXTERN = NO;
				GCC_VERSION = com.apple.compilers.llvm.clang.1_0;
				GCC_WARN_ABOUT_MISSING_PROTOTYPES = YES;
				GCC_WARN_ABOUT_RETURN_TYPE = YES;
				GCC_WARN_UNUSED_VARIABLE = YES;
				IPHONEOS_DEPLOYMENT_TARGET = 5.0;
				SDKROOT = iphoneos;
				TARGETED_DEVICE_FAMILY = 2;
			};
			name = Debug;
		};
		77B272E114FC1158000E1557 /* Release */ = {
			isa = XCBuildConfiguration;
			buildSettings = {
				ALWAYS_SEARCH_USER_PATHS = NO;
				ARCHS = "$(ARCHS_STANDARD_32_BIT)";
				CLANG_ENABLE_OBJC_ARC = YES;
				"CODE_SIGN_IDENTITY[sdk=iphoneos*]" = "iPhone Developer";
				COPY_PHASE_STRIP = YES;
				GCC_C_LANGUAGE_STANDARD = gnu99;
				GCC_VERSION = com.apple.compilers.llvm.clang.1_0;
				GCC_WARN_ABOUT_MISSING_PROTOTYPES = YES;
				GCC_WARN_ABOUT_RETURN_TYPE = YES;
				GCC_WARN_UNUSED_VARIABLE = YES;
				IPHONEOS_DEPLOYMENT_TARGET = 5.0;
				OTHER_CFLAGS = "-DNS_BLOCK_ASSERTIONS=1";
				SDKROOT = iphoneos;
				TARGETED_DEVICE_FAMILY = 2;
				VALIDATE_PRODUCT = YES;
			};
			name = Release;
		};
		77B272E314FC1158000E1557 /* Debug */ = {
			isa = XCBuildConfiguration;
			buildSettings = {
				GCC_PRECOMPILE_PREFIX_HEADER = YES;
				GCC_PREFIX_HEADER = "GDIInfinitePageScrollViewController/GDIInfinitePageScrollViewController-Prefix.pch";
				INFOPLIST_FILE = "GDIInfinitePageScrollViewController/GDIInfinitePageScrollViewController-Info.plist";
				PRODUCT_NAME = GDIInfinitePageScrollViewController;
				WRAPPER_EXTENSION = app;
			};
			name = Debug;
		};
		77B272E414FC1158000E1557 /* Release */ = {
			isa = XCBuildConfiguration;
			buildSettings = {
				GCC_PRECOMPILE_PREFIX_HEADER = YES;
				GCC_PREFIX_HEADER = "GDIInfinitePageScrollViewController/GDIInfinitePageScrollViewController-Prefix.pch";
				INFOPLIST_FILE = "GDIInfinitePageScrollViewController/GDIInfinitePageScrollViewController-Info.plist";
				PRODUCT_NAME = GDIInfinitePageScrollViewController;
				WRAPPER_EXTENSION = app;
			};
			name = Release;
		};
/* End XCBuildConfiguration section */

/* Begin XCConfigurationList section */
		77B272AF14FC1158000E1557 /* Build configuration list for PBXProject "GDIInfinitePageScrollViewController" */ = {
			isa = XCConfigurationList;
			buildConfigurations = (
				77B272E014FC1158000E1557 /* Debug */,
				77B272E114FC1158000E1557 /* Release */,
			);
			defaultConfigurationIsVisible = 0;
			defaultConfigurationName = Release;
		};
		77B272E214FC1158000E1557 /* Build configuration list for PBXNativeTarget "GDIInfinitePageScrollViewController" */ = {
			isa = XCConfigurationList;
			buildConfigurations = (
				77B272E314FC1158000E1557 /* Debug */,
				77B272E414FC1158000E1557 /* Release */,
			);
			defaultConfigurationIsVisible = 0;
			defaultConfigurationName = Release;
		};
/* End XCConfigurationList section */
	};
	rootObject = 77B272AC14FC1158000E1557 /* Project object */;
}
